// !$*UTF8*$!
{
	archiveVersion = 1;
	classes = {
	};
	objectVersion = 46;
	objects = {

/* Begin PBXBuildFile section */
		307F44521E8FC17100ECF3DD /* LJPagerTabBar.m in Sources */ = {isa = PBXBuildFile; fileRef = 307F444F1E8FC17100ECF3DD /* LJPagerTabBar.m */; };
		307F44531E8FC17100ECF3DD /* LJTabPagerVC.m in Sources */ = {isa = PBXBuildFile; fileRef = 307F44511E8FC17100ECF3DD /* LJTabPagerVC.m */; };
		30E713C11E5D9A0300099E81 /* main.m in Sources */ = {isa = PBXBuildFile; fileRef = 30E713C01E5D9A0300099E81 /* main.m */; };
		30E713C41E5D9A0300099E81 /* AppDelegate.m in Sources */ = {isa = PBXBuildFile; fileRef = 30E713C31E5D9A0300099E81 /* AppDelegate.m */; };
		30E713CA1E5D9A0300099E81 /* Main.storyboard in Resources */ = {isa = PBXBuildFile; fileRef = 30E713C81E5D9A0300099E81 /* Main.storyboard */; };
		30E713CC1E5D9A0300099E81 /* Assets.xcassets in Resources */ = {isa = PBXBuildFile; fileRef = 30E713CB1E5D9A0300099E81 /* Assets.xcassets */; };
		30E713CF1E5D9A0300099E81 /* LaunchScreen.storyboard in Resources */ = {isa = PBXBuildFile; fileRef = 30E713CD1E5D9A0300099E81 /* LaunchScreen.storyboard */; };
		30E713E11E5DD48600099E81 /* TableViewController.m in Sources */ = {isa = PBXBuildFile; fileRef = 30E713E01E5DD48600099E81 /* TableViewController.m */; };
/* End PBXBuildFile section */

/* Begin PBXFileReference section */
		307F444E1E8FC17100ECF3DD /* LJPagerTabBar.h */ = {isa = PBXFileReference; fileEncoding = 4; lastKnownFileType = sourcecode.c.h; path = LJPagerTabBar.h; sourceTree = "<group>"; };
		307F444F1E8FC17100ECF3DD /* LJPagerTabBar.m */ = {isa = PBXFileReference; fileEncoding = 4; lastKnownFileType = sourcecode.c.objc; path = LJPagerTabBar.m; sourceTree = "<group>"; };
		307F44501E8FC17100ECF3DD /* LJTabPagerVC.h */ = {isa = PBXFileReference; fileEncoding = 4; lastKnownFileType = sourcecode.c.h; path = LJTabPagerVC.h; sourceTree = "<group>"; };
		307F44511E8FC17100ECF3DD /* LJTabPagerVC.m */ = {isa = PBXFileReference; fileEncoding = 4; lastKnownFileType = sourcecode.c.objc; path = LJTabPagerVC.m; sourceTree = "<group>"; };
		30E713BC1E5D9A0300099E81 /* LJTabPager.app */ = {isa = PBXFileReference; explicitFileType = wrapper.application; includeInIndex = 0; path = LJTabPager.app; sourceTree = BUILT_PRODUCTS_DIR; };
		30E713C01E5D9A0300099E81 /* main.m */ = {isa = PBXFileReference; lastKnownFileType = sourcecode.c.objc; path = main.m; sourceTree = "<group>"; };
		30E713C21E5D9A0300099E81 /* AppDelegate.h */ = {isa = PBXFileReference; lastKnownFileType = sourcecode.c.h; path = AppDelegate.h; sourceTree = "<group>"; };
		30E713C31E5D9A0300099E81 /* AppDelegate.m */ = {isa = PBXFileReference; lastKnownFileType = sourcecode.c.objc; path = AppDelegate.m; sourceTree = "<group>"; };
		30E713C91E5D9A0300099E81 /* Base */ = {isa = PBXFileReference; lastKnownFileType = file.storyboard; name = Base; path = Base.lproj/Main.storyboard; sourceTree = "<group>"; };
		30E713CB1E5D9A0300099E81 /* Assets.xcassets */ = {isa = PBXFileReference; lastKnownFileType = folder.assetcatalog; path = Assets.xcassets; sourceTree = "<group>"; };
		30E713CE1E5D9A0300099E81 /* Base */ = {isa = PBXFileReference; lastKnownFileType = file.storyboard; name = Base; path = Base.lproj/LaunchScreen.storyboard; sourceTree = "<group>"; };
		30E713D01E5D9A0300099E81 /* Info.plist */ = {isa = PBXFileReference; lastKnownFileType = text.plist.xml; path = Info.plist; sourceTree = "<group>"; };
		30E713DF1E5DD48600099E81 /* TableViewController.h */ = {isa = PBXFileReference; fileEncoding = 4; lastKnownFileType = sourcecode.c.h; path = TableViewController.h; sourceTree = "<group>"; };
		30E713E01E5DD48600099E81 /* TableViewController.m */ = {isa = PBXFileReference; fileEncoding = 4; lastKnownFileType = sourcecode.c.objc; path = TableViewController.m; sourceTree = "<group>"; };
/* End PBXFileReference section */

/* Begin PBXFrameworksBuildPhase section */
		30E713B91E5D9A0300099E81 /* Frameworks */ = {
			isa = PBXFrameworksBuildPhase;
			buildActionMask = 2147483647;
			files = (
			);
			runOnlyForDeploymentPostprocessing = 0;
		};
/* End PBXFrameworksBuildPhase section */

/* Begin PBXGroup section */
		30E713B31E5D9A0300099E81 = {
			isa = PBXGroup;
			children = (
				30E713BE1E5D9A0300099E81 /* LJTabPager */,
				30E713BD1E5D9A0300099E81 /* Products */,
			);
			sourceTree = "<group>";
		};
		30E713BD1E5D9A0300099E81 /* Products */ = {
			isa = PBXGroup;
			children = (
				30E713BC1E5D9A0300099E81 /* LJTabPager.app */,
			);
			name = Products;
			sourceTree = "<group>";
		};
		30E713BE1E5D9A0300099E81 /* LJTabPager */ = {
			isa = PBXGroup;
			children = (
				30E713C21E5D9A0300099E81 /* AppDelegate.h */,
				30E713C31E5D9A0300099E81 /* AppDelegate.m */,
				30E713DF1E5DD48600099E81 /* TableViewController.h */,
				30E713E01E5DD48600099E81 /* TableViewController.m */,
				30E713C81E5D9A0300099E81 /* Main.storyboard */,
				30E713CB1E5D9A0300099E81 /* Assets.xcassets */,
				30E713CD1E5D9A0300099E81 /* LaunchScreen.storyboard */,
				30E713D01E5D9A0300099E81 /* Info.plist */,
				30E713E21E5ED72100099E81 /* LJTabPager */,
				30E713BF1E5D9A0300099E81 /* Supporting Files */,
			);
			path = LJTabPager;
			sourceTree = "<group>";
		};
		30E713BF1E5D9A0300099E81 /* Supporting Files */ = {
			isa = PBXGroup;
			children = (
				30E713C01E5D9A0300099E81 /* main.m */,
			);
			name = "Supporting Files";
			sourceTree = "<group>";
		};
		30E713E21E5ED72100099E81 /* LJTabPager */ = {
			isa = PBXGroup;
			children = (
				307F444E1E8FC17100ECF3DD /* LJPagerTabBar.h */,
				307F444F1E8FC17100ECF3DD /* LJPagerTabBar.m */,
				307F44501E8FC17100ECF3DD /* LJTabPagerVC.h */,
				307F44511E8FC17100ECF3DD /* LJTabPagerVC.m */,
			);
			name = LJTabPager;
			sourceTree = "<group>";
		};
/* End PBXGroup section */

/* Begin PBXNativeTarget section */
		30E713BB1E5D9A0300099E81 /* LJTabPager */ = {
			isa = PBXNativeTarget;
			buildConfigurationList = 30E713D31E5D9A0300099E81 /* Build configuration list for PBXNativeTarget "LJTabPager" */;
			buildPhases = (
				30E713B81E5D9A0300099E81 /* Sources */,
				30E713B91E5D9A0300099E81 /* Frameworks */,
				30E713BA1E5D9A0300099E81 /* Resources */,
			);
			buildRules = (
			);
			dependencies = (
			);
			name = LJTabPager;
			productName = LJTabPager;
			productReference = 30E713BC1E5D9A0300099E81 /* LJTabPager.app */;
			productType = "com.apple.product-type.application";
		};
/* End PBXNativeTarget section */

/* Begin PBXProject section */
		30E713B41E5D9A0300099E81 /* Project object */ = {
			isa = PBXProject;
			attributes = {
				LastUpgradeCheck = 0820;
				ORGANIZATIONNAME = mutouren;
				TargetAttributes = {
					30E713BB1E5D9A0300099E81 = {
						CreatedOnToolsVersion = 8.2.1;
						DevelopmentTeam = BM66D6ANYU;
						ProvisioningStyle = Automatic;
					};
				};
			};
			buildConfigurationList = 30E713B71E5D9A0300099E81 /* Build configuration list for PBXProject "LJTabPager" */;
			compatibilityVersion = "Xcode 3.2";
			developmentRegion = English;
			hasScannedForEncodings = 0;
			knownRegions = (
				en,
				Base,
			);
			mainGroup = 30E713B31E5D9A0300099E81;
			productRefGroup = 30E713BD1E5D9A0300099E81 /* Products */;
			projectDirPath = "";
			projectRoot = "";
			targets = (
				30E713BB1E5D9A0300099E81 /* LJTabPager */,
			);
		};
/* End PBXProject section */

/* Begin PBXResourcesBuildPhase section */
		30E713BA1E5D9A0300099E81 /* Resources */ = {
			isa = PBXResourcesBuildPhase;
			buildActionMask = 2147483647;
			files = (
				30E713CF1E5D9A0300099E81 /* LaunchScreen.storyboard in Resources */,
				30E713CC1E5D9A0300099E81 /* Assets.xcassets in Resources */,
				30E713CA1E5D9A0300099E81 /* Main.storyboard in Resources */,
			);
			runOnlyForDeploymentPostprocessing = 0;
		};
/* End PBXResourcesBuildPhase section */

/* Begin PBXSourcesBuildPhase section */
		30E713B81E5D9A0300099E81 /* Sources */ = {
			isa = PBXSourcesBuildPhase;
			buildActionMask = 2147483647;
			files = (
				30E713C41E5D9A0300099E81 /* AppDelegate.m in Sources */,
				30E713C11E5D9A0300099E81 /* main.m in Sources */,
				307F44531E8FC17100ECF3DD /* LJTabPagerVC.m in Sources */,
				30E713E11E5DD48600099E81 /* TableViewController.m in Sources */,
				307F44521E8FC17100ECF3DD /* LJPagerTabBar.m in Sources */,
			);
			runOnlyForDeploymentPostprocessing = 0;
		};
/* End PBXSourcesBuildPhase section */

/* Begin PBXVariantGroup section */
		30E713C81E5D9A0300099E81 /* Main.storyboard */ = {
			isa = PBXVariantGroup;
			children = (
				30E713C91E5D9A0300099E81 /* Base */,
			);
			name = Main.storyboard;
			sourceTree = "<group>";
		};
		30E713CD1E5D9A0300099E81 /* LaunchScreen.storyboard */ = {
			isa = PBXVariantGroup;
			children = (
				30E713CE1E5D9A0300099E81 /* Base */,
			);
			name = LaunchScreen.storyboard;
			sourceTree = "<group>";
		};
/* End PBXVariantGroup section */

/* Begin XCBuildConfiguration section */
		30E713D11E5D9A0300099E81 /* Debug */ = {
			isa = XCBuildConfiguration;
			buildSettings = {
				ALWAYS_SEARCH_USER_PATHS = NO;
				CLANG_ANALYZER_NONNULL = YES;
				CLANG_CXX_LANGUAGE_STANDARD = "gnu++0x";
				CLANG_CXX_LIBRARY = "libc++";
				CLANG_ENABLE_MODULES = YES;
				CLANG_ENABLE_OBJC_ARC = YES;
				CLANG_WARN_BOOL_CONVERSION = YES;
				CLANG_WARN_CONSTANT_CONVERSION = YES;
				CLANG_WARN_DIRECT_OBJC_ISA_USAGE = YES_ERROR;
				CLANG_WARN_DOCUMENTATION_COMMENTS = YES;
				CLANG_WARN_EMPTY_BODY = YES;
				CLANG_WARN_ENUM_CONVERSION = YES;
				CLANG_WARN_INFINITE_RECURSION = YES;
				CLANG_WARN_INT_CONVERSION = YES;
				CLANG_WARN_OBJC_ROOT_CLASS = YES_ERROR;
				CLANG_WARN_SUSPICIOUS_MOVE = YES;
				CLANG_WARN_UNREACHABLE_CODE = YES;
				CLANG_WARN__DUPLICATE_METHOD_MATCH = YES;
				"CODE_SIGN_IDENTITY[sdk=iphoneos*]" = "iPhone Developer";
				COPY_PHASE_STRIP = NO;
				DEBUG_INFORMATION_FORMAT = dwarf;
				ENABLE_STRICT_OBJC_MSGSEND = YES;
				ENABLE_TESTABILITY = YES;
				GCC_C_LANGUAGE_STANDARD = gnu99;
				GCC_DYNAMIC_NO_PIC = NO;
				GCC_NO_COMMON_BLOCKS = YES;
				GCC_OPTIMIZATION_LEVEL = 0;
				GCC_PREPROCESSOR_DEFINITIONS = (
					"DEBUG=1",
					"$(inherited)",
				);
				GCC_WARN_64_TO_32_BIT_CONVERSION = YES;
				GCC_WARN_ABOUT_RETURN_TYPE = YES_ERROR;
				GCC_WARN_UNDECLARED_SELECTOR = YES;
				GCC_WARN_UNINITIALIZED_AUTOS = YES_AGGRESSIVE;
				GCC_WARN_UNUSED_FUNCTION = YES;
				GCC_WARN_UNUSED_VARIABLE = YES;
				IPHONEOS_DEPLOYMENT_TARGET = 10.2;
				MTL_ENABLE_DEBUG_INFO = YES;
				ONLY_ACTIVE_ARCH = YES;
				SDKROOT = iphoneos;
			};
			name = Debug;
		};
		30E713D21E5D9A0300099E81 /* Release */ = {
			isa = XCBuildConfiguration;
			buildSettings = {
				ALWAYS_SEARCH_USER_PATHS = NO;
				CLANG_ANALYZER_NONNULL = YES;
				CLANG_CXX_LANGUAGE_STANDARD = "gnu++0x";
				CLANG_CXX_LIBRARY = "libc++";
				CLANG_ENABLE_MODULES = YES;
				CLANG_ENABLE_OBJC_ARC = YES;
				CLANG_WARN_BOOL_CONVERSION = YES;
				CLANG_WARN_CONSTANT_CONVERSION = YES;
				CLANG_WARN_DIRECT_OBJC_ISA_USAGE = YES_ERROR;
				CLANG_WARN_DOCUMENTATION_COMMENTS = YES;
				CLANG_WARN_EMPTY_BODY = YES;
				CLANG_WARN_ENUM_CONVERSION = YES;
				CLANG_WARN_INFINITE_RECURSION = YES;
				CLANG_WARN_INT_CONVERSION = YES;
				CLANG_WARN_OBJC_ROOT_CLASS = YES_ERROR;
				CLANG_WARN_SUSPICIOUS_MOVE = YES;
				CLANG_WARN_UNREACHABLE_CODE = YES;
				CLANG_WARN__DUPLICATE_METHOD_MATCH = YES;
				"CODE_SIGN_IDENTITY[sdk=iphoneos*]" = "iPhone Developer";
				COPY_PHASE_STRIP = NO;
				DEBUG_INFORMATION_FORMAT = "dwarf-with-dsym";
				ENABLE_NS_ASSERTIONS = NO;
				ENABLE_STRICT_OBJC_MSGSEND = YES;
				GCC_C_LANGUAGE_STANDARD = gnu99;
				GCC_NO_COMMON_BLOCKS = YES;
				GCC_WARN_64_TO_32_BIT_CONVERSION = YES;
				GCC_WARN_ABOUT_RETURN_TYPE = YES_ERROR;
				GCC_WARN_UNDECLARED_SELECTOR = YES;
				GCC_WARN_UNINITIALIZED_AUTOS = YES_AGGRESSIVE;
				GCC_WARN_UNUSED_FUNCTION = YES;
				GCC_WARN_UNUSED_VARIABLE = YES;
				IPHONEOS_DEPLOYMENT_TARGET = 10.2;
				MTL_ENABLE_DEBUG_INFO = NO;
				SDKROOT = iphoneos;
				VALIDATE_PRODUCT = YES;
			};
			name = Release;
		};
		30E713D41E5D9A0300099E81 /* Debug */ = {
			isa = XCBuildConfiguration;
			buildSettings = {
				ASSETCATALOG_COMPILER_APPICON_NAME = AppIcon;
				DEVELOPMENT_TEAM = BM66D6ANYU;
				INFOPLIST_FILE = LJTabPager/Info.plist;
				LD_RUNPATH_SEARCH_PATHS = "$(inherited) @executable_path/Frameworks";
				PRODUCT_BUNDLE_IDENTIFIER = com.moutouren.double.LJTabPager;
				PRODUCT_NAME = "$(TARGET_NAME)";
			};
			name = Debug;
		};
		30E713D51E5D9A0300099E81 /* Release */ = {
			isa = XCBuildConfiguration;
			buildSettings = {
				ASSETCATALOG_COMPILER_APPICON_NAME = AppIcon;
				DEVELOPMENT_TEAM = BM66D6ANYU;
				INFOPLIST_FILE = LJTabPager/Info.plist;
				LD_RUNPATH_SEARCH_PATHS = "$(inherited) @executable_path/Frameworks";
				PRODUCT_BUNDLE_IDENTIFIER = com.moutouren.double.LJTabPager;
				PRODUCT_NAME = "$(TARGET_NAME)";
			};
			name = Release;
		};
/* End XCBuildConfiguration section */

/* Begin XCConfigurationList section */
		30E713B71E5D9A0300099E81 /* Build configuration list for PBXProject "LJTabPager" */ = {
			isa = XCConfigurationList;
			buildConfigurations = (
				30E713D11E5D9A0300099E81 /* Debug */,
				30E713D21E5D9A0300099E81 /* Release */,
			);
			defaultConfigurationIsVisible = 0;
			defaultConfigurationName = Release;
		};
		30E713D31E5D9A0300099E81 /* Build configuration list for PBXNativeTarget "LJTabPager" */ = {
			isa = XCConfigurationList;
			buildConfigurations = (
				30E713D41E5D9A0300099E81 /* Debug */,
				30E713D51E5D9A0300099E81 /* Release */,
			);
			defaultConfigurationIsVisible = 0;
			defaultConfigurationName = Release;
		};
/* End XCConfigurationList section */
	};
	rootObject = 30E713B41E5D9A0300099E81 /* Project object */;
}
